
Microsoft Visual Studio Solution File, Format Version 12.00
# Visual Studio Version 17
VisualStudioVersion = 17.11.35208.52
MinimumVisualStudioVersion = 10.0.40219.1
Project("{FAE04EC0-301F-11D3-BF4B-00C04F79EFBC}") = "Demo_Media_Formatter", "Demo_Media_Formatter.csproj", "{8FDBC499-16A2-46BF-9F34-6A0C3F81BD41}"
EndProject
Global
	GlobalSection(SolutionConfigurationPlatforms) = preSolution
		Debug|Any CPU = Debug|Any CPU
		Release|Any CPU = Release|Any CPU
	EndGlobalSection
	GlobalSection(ProjectConfigurationPlatforms) = postSolution
		{8FDBC499-16A2-46BF-9F34-6A0C3F81BD41}.Debug|Any CPU.ActiveCfg = Debug|Any CPU
		{8FDBC499-16A2-46BF-9F34-6A0C3F81BD41}.Debug|Any CPU.Build.0 = Debug|Any CPU
		{8FDBC499-16A2-46BF-9F34-6A0C3F81BD41}.Release|Any CPU.ActiveCfg = Release|Any CPU
		{8FDBC499-16A2-46BF-9F34-6A0C3F81BD41}.Release|Any CPU.Build.0 = Release|Any CPU
	EndGlobalSection
	GlobalSection(SolutionProperties) = preSolution
		HideSolutionNode = FALSE
	EndGlobalSection
	GlobalSection(ExtensibilityGlobals) = postSolution
		SolutionGuid = {18BECD07-B136-4BFA-97DF-5C99C940A614}
	EndGlobalSection
EndGlobal
