
Microsoft Visual Studio Solution File, Format Version 12.00
# Visual Studio Version 17
VisualStudioVersion = 17.11.35208.52
MinimumVisualStudioVersion = 10.0.40219.1
Project("{FAE04EC0-301F-11D3-BF4B-00C04F79EFBC}") = "JWTApi", "JWTApi\JWTApi.csproj", "{7EB07A26-0168-4C13-8625-A91A7CCE4008}"
EndProject
Project("{FAE04EC0-301F-11D3-BF4B-00C04F79EFBC}") = "JwtExampleFE", "JwtExampleFE\JwtExampleFE.csproj", "{542A8F92-9107-4EEE-AE6A-8087198EDB54}"
EndProject
Global
	GlobalSection(SolutionConfigurationPlatforms) = preSolution
		Debug|Any CPU = Debug|Any CPU
		Release|Any CPU = Release|Any CPU
	EndGlobalSection
	GlobalSection(ProjectConfigurationPlatforms) = postSolution
		{7EB07A26-0168-4C13-8625-A91A7CCE4008}.Debug|Any CPU.ActiveCfg = Debug|Any CPU
		{7EB07A26-0168-4C13-8625-A91A7CCE4008}.Debug|Any CPU.Build.0 = Debug|Any CPU
		{7EB07A26-0168-4C13-8625-A91A7CCE4008}.Release|Any CPU.ActiveCfg = Release|Any CPU
		{7EB07A26-0168-4C13-8625-A91A7CCE4008}.Release|Any CPU.Build.0 = Release|Any CPU
		{542A8F92-9107-4EEE-AE6A-8087198EDB54}.Debug|Any CPU.ActiveCfg = Debug|Any CPU
		{542A8F92-9107-4EEE-AE6A-8087198EDB54}.Debug|Any CPU.Build.0 = Debug|Any CPU
		{542A8F92-9107-4EEE-AE6A-8087198EDB54}.Release|Any CPU.ActiveCfg = Release|Any CPU
		{542A8F92-9107-4EEE-AE6A-8087198EDB54}.Release|Any CPU.Build.0 = Release|Any CPU
	EndGlobalSection
	GlobalSection(SolutionProperties) = preSolution
		HideSolutionNode = FALSE
	EndGlobalSection
	GlobalSection(ExtensibilityGlobals) = postSolution
		SolutionGuid = {75903C9F-34A7-4FB9-9891-802C31B213DE}
	EndGlobalSection
EndGlobal
